// !$*UTF8*$!
{
	archiveVersion = 1;
	classes = {
	};
	objectVersion = 50;
	objects = {

/* Begin PBXBuildFile section */
		CE524CFC26FCFC6C009C182B /* PhotosTableViewCell.swift in Sources */ = {isa = PBXBuildFile; fileRef = CE524CFB26FCFC6C009C182B /* PhotosTableViewCell.swift */; };
		CE524CFF26FE47E3009C182B /* PhotoCollectionViewCell.swift in Sources */ = {isa = PBXBuildFile; fileRef = CE524CFE26FE47E3009C182B /* PhotoCollectionViewCell.swift */; };
		CE524D652702314B009C182B /* GalleryViewController.swift in Sources */ = {isa = PBXBuildFile; fileRef = CE524D642702314B009C182B /* GalleryViewController.swift */; };
		CE524D68270233AE009C182B /* GalleryCollectionViewCell.swift in Sources */ = {isa = PBXBuildFile; fileRef = CE524D67270233AE009C182B /* GalleryCollectionViewCell.swift */; };
		CE8D6E0D26A3069000A25380 /* AppDelegate.swift in Sources */ = {isa = PBXBuildFile; fileRef = CE8D6E0C26A3069000A25380 /* AppDelegate.swift */; };
		CE8D6E0F26A3069000A25380 /* SceneDelegate.swift in Sources */ = {isa = PBXBuildFile; fileRef = CE8D6E0E26A3069000A25380 /* SceneDelegate.swift */; };
		CE8D6E1126A3069000A25380 /* ViewController.swift in Sources */ = {isa = PBXBuildFile; fileRef = CE8D6E1026A3069000A25380 /* ViewController.swift */; };
		CE8D6E1626A3069900A25380 /* Assets.xcassets in Resources */ = {isa = PBXBuildFile; fileRef = CE8D6E1526A3069900A25380 /* Assets.xcassets */; };
		CE8D6E1926A3069900A25380 /* LaunchScreen.storyboard in Resources */ = {isa = PBXBuildFile; fileRef = CE8D6E1726A3069900A25380 /* LaunchScreen.storyboard */; };
		CE8D6E2326A309F900A25380 /* FeedViewController.swift in Sources */ = {isa = PBXBuildFile; fileRef = CE8D6E2226A309F900A25380 /* FeedViewController.swift */; };
		CE8D6E2926A30EFD00A25380 /* PostViewController.swift in Sources */ = {isa = PBXBuildFile; fileRef = CE8D6E2826A30EFD00A25380 /* PostViewController.swift */; };
		CE8D6E3026A464E100A25380 /* InfoViewController.swift in Sources */ = {isa = PBXBuildFile; fileRef = CE8D6E2F26A464E100A25380 /* InfoViewController.swift */; };
		CE8D6E6026A9B12600A25380 /* ProfileHeaderView.swift in Sources */ = {isa = PBXBuildFile; fileRef = CE8D6E5F26A9B12600A25380 /* ProfileHeaderView.swift */; };
		CE8D6E6326A9B1AE00A25380 /* ProfileViewController.swift in Sources */ = {isa = PBXBuildFile; fileRef = CE8D6E6226A9B1AE00A25380 /* ProfileViewController.swift */; };
		CEC51D5126C2F9BA0093913C /* LoginViewController.swift in Sources */ = {isa = PBXBuildFile; fileRef = CEC51D5026C2F9BA0093913C /* LoginViewController.swift */; };
		CED2D0BD26E532F600ED0387 /* PostTableViewCell.swift in Sources */ = {isa = PBXBuildFile; fileRef = CED2D0BC26E532F600ED0387 /* PostTableViewCell.swift */; };
		CED2D0C026E5333300ED0387 /* Post.swift in Sources */ = {isa = PBXBuildFile; fileRef = CED2D0BF26E5333300ED0387 /* Post.swift */; };
		CED2D0C426E9212700ED0387 /* ProfileTableHeaderView.swift in Sources */ = {isa = PBXBuildFile; fileRef = CED2D0C326E9212700ED0387 /* ProfileTableHeaderView.swift */; };
/* End PBXBuildFile section */

/* Begin PBXFileReference section */
		CE524CFB26FCFC6C009C182B /* PhotosTableViewCell.swift */ = {isa = PBXFileReference; lastKnownFileType = sourcecode.swift; path = PhotosTableViewCell.swift; sourceTree = "<group>"; };
		CE524CFE26FE47E3009C182B /* PhotoCollectionViewCell.swift */ = {isa = PBXFileReference; lastKnownFileType = sourcecode.swift; path = PhotoCollectionViewCell.swift; sourceTree = "<group>"; };
		CE524D642702314B009C182B /* GalleryViewController.swift */ = {isa = PBXFileReference; lastKnownFileType = sourcecode.swift; path = GalleryViewController.swift; sourceTree = "<group>"; };
		CE524D67270233AE009C182B /* GalleryCollectionViewCell.swift */ = {isa = PBXFileReference; lastKnownFileType = sourcecode.swift; path = GalleryCollectionViewCell.swift; sourceTree = "<group>"; };
		CE8D6E0926A3069000A25380 /* Navigation.app */ = {isa = PBXFileReference; explicitFileType = wrapper.application; includeInIndex = 0; path = Navigation.app; sourceTree = BUILT_PRODUCTS_DIR; };
		CE8D6E0C26A3069000A25380 /* AppDelegate.swift */ = {isa = PBXFileReference; lastKnownFileType = sourcecode.swift; path = AppDelegate.swift; sourceTree = "<group>"; };
		CE8D6E0E26A3069000A25380 /* SceneDelegate.swift */ = {isa = PBXFileReference; lastKnownFileType = sourcecode.swift; path = SceneDelegate.swift; sourceTree = "<group>"; };
		CE8D6E1026A3069000A25380 /* ViewController.swift */ = {isa = PBXFileReference; lastKnownFileType = sourcecode.swift; path = ViewController.swift; sourceTree = "<group>"; };
		CE8D6E1526A3069900A25380 /* Assets.xcassets */ = {isa = PBXFileReference; lastKnownFileType = folder.assetcatalog; path = Assets.xcassets; sourceTree = "<group>"; };
		CE8D6E1826A3069900A25380 /* Base */ = {isa = PBXFileReference; lastKnownFileType = file.storyboard; name = Base; path = Base.lproj/LaunchScreen.storyboard; sourceTree = "<group>"; };
		CE8D6E1A26A3069900A25380 /* Info.plist */ = {isa = PBXFileReference; lastKnownFileType = text.plist.xml; path = Info.plist; sourceTree = "<group>"; };
		CE8D6E2226A309F900A25380 /* FeedViewController.swift */ = {isa = PBXFileReference; lastKnownFileType = sourcecode.swift; path = FeedViewController.swift; sourceTree = "<group>"; };
		CE8D6E2826A30EFD00A25380 /* PostViewController.swift */ = {isa = PBXFileReference; lastKnownFileType = sourcecode.swift; path = PostViewController.swift; sourceTree = "<group>"; };
		CE8D6E2F26A464E100A25380 /* InfoViewController.swift */ = {isa = PBXFileReference; lastKnownFileType = sourcecode.swift; path = InfoViewController.swift; sourceTree = "<group>"; };
		CE8D6E5F26A9B12600A25380 /* ProfileHeaderView.swift */ = {isa = PBXFileReference; lastKnownFileType = sourcecode.swift; path = ProfileHeaderView.swift; sourceTree = "<group>"; };
		CE8D6E6226A9B1AE00A25380 /* ProfileViewController.swift */ = {isa = PBXFileReference; lastKnownFileType = sourcecode.swift; path = ProfileViewController.swift; sourceTree = "<group>"; };
		CEC51D5026C2F9BA0093913C /* LoginViewController.swift */ = {isa = PBXFileReference; lastKnownFileType = sourcecode.swift; path = LoginViewController.swift; sourceTree = "<group>"; };
		CED2D0BC26E532F600ED0387 /* PostTableViewCell.swift */ = {isa = PBXFileReference; lastKnownFileType = sourcecode.swift; path = PostTableViewCell.swift; sourceTree = "<group>"; };
		CED2D0BF26E5333300ED0387 /* Post.swift */ = {isa = PBXFileReference; lastKnownFileType = sourcecode.swift; path = Post.swift; sourceTree = "<group>"; };
		CED2D0C326E9212700ED0387 /* ProfileTableHeaderView.swift */ = {isa = PBXFileReference; lastKnownFileType = sourcecode.swift; path = ProfileTableHeaderView.swift; sourceTree = "<group>"; };
/* End PBXFileReference section */

/* Begin PBXFrameworksBuildPhase section */
		CE8D6E0626A3069000A25380 /* Frameworks */ = {
			isa = PBXFrameworksBuildPhase;
			buildActionMask = 2147483647;
			files = (
			);
			runOnlyForDeploymentPostprocessing = 0;
		};
/* End PBXFrameworksBuildPhase section */

/* Begin PBXGroup section */
		CE8D6E0026A3069000A25380 = {
			isa = PBXGroup;
			children = (
				CE8D6E0B26A3069000A25380 /* Navigation */,
				CE8D6E0A26A3069000A25380 /* Products */,
			);
			sourceTree = "<group>";
		};
		CE8D6E0A26A3069000A25380 /* Products */ = {
			isa = PBXGroup;
			children = (
				CE8D6E0926A3069000A25380 /* Navigation.app */,
			);
			name = Products;
			sourceTree = "<group>";
		};
		CE8D6E0B26A3069000A25380 /* Navigation */ = {
			isa = PBXGroup;
			children = (
				CE8D6E5E26A9B0EE00A25380 /* Profile */,
				CE8D6E0C26A3069000A25380 /* AppDelegate.swift */,
				CE8D6E0E26A3069000A25380 /* SceneDelegate.swift */,
				CE8D6E1026A3069000A25380 /* ViewController.swift */,
				CE8D6E1526A3069900A25380 /* Assets.xcassets */,
				CE8D6E1726A3069900A25380 /* LaunchScreen.storyboard */,
				CE8D6E1A26A3069900A25380 /* Info.plist */,
				CE8D6E2226A309F900A25380 /* FeedViewController.swift */,
				CE8D6E2826A30EFD00A25380 /* PostViewController.swift */,
				CE8D6E2F26A464E100A25380 /* InfoViewController.swift */,
			);
			path = Navigation;
			sourceTree = "<group>";
		};
		CE8D6E5E26A9B0EE00A25380 /* Profile */ = {
			isa = PBXGroup;
			children = (
				CE8D6E5F26A9B12600A25380 /* ProfileHeaderView.swift */,
				CE8D6E6226A9B1AE00A25380 /* ProfileViewController.swift */,
				CEC51D5026C2F9BA0093913C /* LoginViewController.swift */,
				CED2D0BC26E532F600ED0387 /* PostTableViewCell.swift */,
				CED2D0BF26E5333300ED0387 /* Post.swift */,
				CED2D0C326E9212700ED0387 /* ProfileTableHeaderView.swift */,
				CE524CFB26FCFC6C009C182B /* PhotosTableViewCell.swift */,
				CE524CFE26FE47E3009C182B /* PhotoCollectionViewCell.swift */,
				CE524D642702314B009C182B /* GalleryViewController.swift */,
				CE524D67270233AE009C182B /* GalleryCollectionViewCell.swift */,
			);
			path = Profile;
			sourceTree = "<group>";
		};
/* End PBXGroup section */

/* Begin PBXNativeTarget section */
		CE8D6E0826A3069000A25380 /* Navigation */ = {
			isa = PBXNativeTarget;
			buildConfigurationList = CE8D6E1D26A3069900A25380 /* Build configuration list for PBXNativeTarget "Navigation" */;
			buildPhases = (
				CE8D6E0526A3069000A25380 /* Sources */,
				CE8D6E0626A3069000A25380 /* Frameworks */,
				CE8D6E0726A3069000A25380 /* Resources */,
			);
			buildRules = (
			);
			dependencies = (
			);
			name = Navigation;
			productName = Navigation;
			productReference = CE8D6E0926A3069000A25380 /* Navigation.app */;
			productType = "com.apple.product-type.application";
		};
/* End PBXNativeTarget section */

/* Begin PBXProject section */
		CE8D6E0126A3069000A25380 /* Project object */ = {
			isa = PBXProject;
			attributes = {
				LastSwiftUpdateCheck = 1240;
				LastUpgradeCheck = 1240;
				TargetAttributes = {
					CE8D6E0826A3069000A25380 = {
						CreatedOnToolsVersion = 12.4;
					};
				};
			};
			buildConfigurationList = CE8D6E0426A3069000A25380 /* Build configuration list for PBXProject "Navigation" */;
			compatibilityVersion = "Xcode 9.3";
			developmentRegion = en;
			hasScannedForEncodings = 0;
			knownRegions = (
				en,
				Base,
			);
			mainGroup = CE8D6E0026A3069000A25380;
			productRefGroup = CE8D6E0A26A3069000A25380 /* Products */;
			projectDirPath = "";
			projectRoot = "";
			targets = (
				CE8D6E0826A3069000A25380 /* Navigation */,
			);
		};
/* End PBXProject section */

/* Begin PBXResourcesBuildPhase section */
		CE8D6E0726A3069000A25380 /* Resources */ = {
			isa = PBXResourcesBuildPhase;
			buildActionMask = 2147483647;
			files = (
				CE8D6E1926A3069900A25380 /* LaunchScreen.storyboard in Resources */,
				CE8D6E1626A3069900A25380 /* Assets.xcassets in Resources */,
			);
			runOnlyForDeploymentPostprocessing = 0;
		};
/* End PBXResourcesBuildPhase section */

/* Begin PBXSourcesBuildPhase section */
		CE8D6E0526A3069000A25380 /* Sources */ = {
			isa = PBXSourcesBuildPhase;
			buildActionMask = 2147483647;
			files = (
				CED2D0BD26E532F600ED0387 /* PostTableViewCell.swift in Sources */,
				CE524D68270233AE009C182B /* GalleryCollectionViewCell.swift in Sources */,
				CEC51D5126C2F9BA0093913C /* LoginViewController.swift in Sources */,
				CE8D6E2926A30EFD00A25380 /* PostViewController.swift in Sources */,
				CED2D0C026E5333300ED0387 /* Post.swift in Sources */,
				CE8D6E1126A3069000A25380 /* ViewController.swift in Sources */,
				CE8D6E0D26A3069000A25380 /* AppDelegate.swift in Sources */,
				CE8D6E3026A464E100A25380 /* InfoViewController.swift in Sources */,
				CE8D6E2326A309F900A25380 /* FeedViewController.swift in Sources */,
				CED2D0C426E9212700ED0387 /* ProfileTableHeaderView.swift in Sources */,
				CE524CFC26FCFC6C009C182B /* PhotosTableViewCell.swift in Sources */,
				CE8D6E6326A9B1AE00A25380 /* ProfileViewController.swift in Sources */,
				CE524CFF26FE47E3009C182B /* PhotoCollectionViewCell.swift in Sources */,
				CE524D652702314B009C182B /* GalleryViewController.swift in Sources */,
				CE8D6E0F26A3069000A25380 /* SceneDelegate.swift in Sources */,
				CE8D6E6026A9B12600A25380 /* ProfileHeaderView.swift in Sources */,
			);
			runOnlyForDeploymentPostprocessing = 0;
		};
/* End PBXSourcesBuildPhase section */

/* Begin PBXVariantGroup section */
		CE8D6E1726A3069900A25380 /* LaunchScreen.storyboard */ = {
			isa = PBXVariantGroup;
			children = (
				CE8D6E1826A3069900A25380 /* Base */,
			);
			name = LaunchScreen.storyboard;
			sourceTree = "<group>";
		};
/* End PBXVariantGroup section */

/* Begin XCBuildConfiguration section */
		CE8D6E1B26A3069900A25380 /* Debug */ = {
			isa = XCBuildConfiguration;
			buildSettings = {
				ALWAYS_SEARCH_USER_PATHS = NO;
				CLANG_ANALYZER_NONNULL = YES;
				CLANG_ANALYZER_NUMBER_OBJECT_CONVERSION = YES_AGGRESSIVE;
				CLANG_CXX_LANGUAGE_STANDARD = "gnu++14";
				CLANG_CXX_LIBRARY = "libc++";
				CLANG_ENABLE_MODULES = YES;
				CLANG_ENABLE_OBJC_ARC = YES;
				CLANG_ENABLE_OBJC_WEAK = YES;
				CLANG_WARN_BLOCK_CAPTURE_AUTORELEASING = YES;
				CLANG_WARN_BOOL_CONVERSION = YES;
				CLANG_WARN_COMMA = YES;
				CLANG_WARN_CONSTANT_CONVERSION = YES;
				CLANG_WARN_DEPRECATED_OBJC_IMPLEMENTATIONS = YES;
				CLANG_WARN_DIRECT_OBJC_ISA_USAGE = YES_ERROR;
				CLANG_WARN_DOCUMENTATION_COMMENTS = YES;
				CLANG_WARN_EMPTY_BODY = YES;
				CLANG_WARN_ENUM_CONVERSION = YES;
				CLANG_WARN_INFINITE_RECURSION = YES;
				CLANG_WARN_INT_CONVERSION = YES;
				CLANG_WARN_NON_LITERAL_NULL_CONVERSION = YES;
				CLANG_WARN_OBJC_IMPLICIT_RETAIN_SELF = YES;
				CLANG_WARN_OBJC_LITERAL_CONVERSION = YES;
				CLANG_WARN_OBJC_ROOT_CLASS = YES_ERROR;
				CLANG_WARN_QUOTED_INCLUDE_IN_FRAMEWORK_HEADER = YES;
				CLANG_WARN_RANGE_LOOP_ANALYSIS = YES;
				CLANG_WARN_STRICT_PROTOTYPES = YES;
				CLANG_WARN_SUSPICIOUS_MOVE = YES;
				CLANG_WARN_UNGUARDED_AVAILABILITY = YES_AGGRESSIVE;
				CLANG_WARN_UNREACHABLE_CODE = YES;
				CLANG_WARN__DUPLICATE_METHOD_MATCH = YES;
				COPY_PHASE_STRIP = NO;
				DEBUG_INFORMATION_FORMAT = dwarf;
				ENABLE_STRICT_OBJC_MSGSEND = YES;
				ENABLE_TESTABILITY = YES;
				GCC_C_LANGUAGE_STANDARD = gnu11;
				GCC_DYNAMIC_NO_PIC = NO;
				GCC_NO_COMMON_BLOCKS = YES;
				GCC_OPTIMIZATION_LEVEL = 0;
				GCC_PREPROCESSOR_DEFINITIONS = (
					"DEBUG=1",
					"$(inherited)",
				);
				GCC_WARN_64_TO_32_BIT_CONVERSION = YES;
				GCC_WARN_ABOUT_RETURN_TYPE = YES_ERROR;
				GCC_WARN_UNDECLARED_SELECTOR = YES;
				GCC_WARN_UNINITIALIZED_AUTOS = YES_AGGRESSIVE;
				GCC_WARN_UNUSED_FUNCTION = YES;
				GCC_WARN_UNUSED_VARIABLE = YES;
				IPHONEOS_DEPLOYMENT_TARGET = 14.4;
				MTL_ENABLE_DEBUG_INFO = INCLUDE_SOURCE;
				MTL_FAST_MATH = YES;
				ONLY_ACTIVE_ARCH = YES;
				SDKROOT = iphoneos;
				SWIFT_ACTIVE_COMPILATION_CONDITIONS = DEBUG;
				SWIFT_OPTIMIZATION_LEVEL = "-Onone";
			};
			name = Debug;
		};
		CE8D6E1C26A3069900A25380 /* Release */ = {
			isa = XCBuildConfiguration;
			buildSettings = {
				ALWAYS_SEARCH_USER_PATHS = NO;
				CLANG_ANALYZER_NONNULL = YES;
				CLANG_ANALYZER_NUMBER_OBJECT_CONVERSION = YES_AGGRESSIVE;
				CLANG_CXX_LANGUAGE_STANDARD = "gnu++14";
				CLANG_CXX_LIBRARY = "libc++";
				CLANG_ENABLE_MODULES = YES;
				CLANG_ENABLE_OBJC_ARC = YES;
				CLANG_ENABLE_OBJC_WEAK = YES;
				CLANG_WARN_BLOCK_CAPTURE_AUTORELEASING = YES;
				CLANG_WARN_BOOL_CONVERSION = YES;
				CLANG_WARN_COMMA = YES;
				CLANG_WARN_CONSTANT_CONVERSION = YES;
				CLANG_WARN_DEPRECATED_OBJC_IMPLEMENTATIONS = YES;
				CLANG_WARN_DIRECT_OBJC_ISA_USAGE = YES_ERROR;
				CLANG_WARN_DOCUMENTATION_COMMENTS = YES;
				CLANG_WARN_EMPTY_BODY = YES;
				CLANG_WARN_ENUM_CONVERSION = YES;
				CLANG_WARN_INFINITE_RECURSION = YES;
				CLANG_WARN_INT_CONVERSION = YES;
				CLANG_WARN_NON_LITERAL_NULL_CONVERSION = YES;
				CLANG_WARN_OBJC_IMPLICIT_RETAIN_SELF = YES;
				CLANG_WARN_OBJC_LITERAL_CONVERSION = YES;
				CLANG_WARN_OBJC_ROOT_CLASS = YES_ERROR;
				CLANG_WARN_QUOTED_INCLUDE_IN_FRAMEWORK_HEADER = YES;
				CLANG_WARN_RANGE_LOOP_ANALYSIS = YES;
				CLANG_WARN_STRICT_PROTOTYPES = YES;
				CLANG_WARN_SUSPICIOUS_MOVE = YES;
				CLANG_WARN_UNGUARDED_AVAILABILITY = YES_AGGRESSIVE;
				CLANG_WARN_UNREACHABLE_CODE = YES;
				CLANG_WARN__DUPLICATE_METHOD_MATCH = YES;
				COPY_PHASE_STRIP = NO;
				DEBUG_INFORMATION_FORMAT = "dwarf-with-dsym";
				ENABLE_NS_ASSERTIONS = NO;
				ENABLE_STRICT_OBJC_MSGSEND = YES;
				GCC_C_LANGUAGE_STANDARD = gnu11;
				GCC_NO_COMMON_BLOCKS = YES;
				GCC_WARN_64_TO_32_BIT_CONVERSION = YES;
				GCC_WARN_ABOUT_RETURN_TYPE = YES_ERROR;
				GCC_WARN_UNDECLARED_SELECTOR = YES;
				GCC_WARN_UNINITIALIZED_AUTOS = YES_AGGRESSIVE;
				GCC_WARN_UNUSED_FUNCTION = YES;
				GCC_WARN_UNUSED_VARIABLE = YES;
				IPHONEOS_DEPLOYMENT_TARGET = 14.4;
				MTL_ENABLE_DEBUG_INFO = NO;
				MTL_FAST_MATH = YES;
				SDKROOT = iphoneos;
				SWIFT_COMPILATION_MODE = wholemodule;
				SWIFT_OPTIMIZATION_LEVEL = "-O";
				VALIDATE_PRODUCT = YES;
			};
			name = Release;
		};
		CE8D6E1E26A3069900A25380 /* Debug */ = {
			isa = XCBuildConfiguration;
			buildSettings = {
				ASSETCATALOG_COMPILER_APPICON_NAME = AppIcon;
				ASSETCATALOG_COMPILER_GLOBAL_ACCENT_COLOR_NAME = AccentColor;
				CODE_SIGN_STYLE = Automatic;
				INFOPLIST_FILE = Navigation/Info.plist;
				LD_RUNPATH_SEARCH_PATHS = (
					"$(inherited)",
					"@executable_path/Frameworks",
				);
				PRODUCT_BUNDLE_IDENTIFIER = ss.Navigation;
				PRODUCT_NAME = "$(TARGET_NAME)";
				SWIFT_VERSION = 5.0;
				TARGETED_DEVICE_FAMILY = "1,2";
			};
			name = Debug;
		};
		CE8D6E1F26A3069900A25380 /* Release */ = {
			isa = XCBuildConfiguration;
			buildSettings = {
				ASSETCATALOG_COMPILER_APPICON_NAME = AppIcon;
				ASSETCATALOG_COMPILER_GLOBAL_ACCENT_COLOR_NAME = AccentColor;
				CODE_SIGN_STYLE = Automatic;
				INFOPLIST_FILE = Navigation/Info.plist;
				LD_RUNPATH_SEARCH_PATHS = (
					"$(inherited)",
					"@executable_path/Frameworks",
				);
				PRODUCT_BUNDLE_IDENTIFIER = ss.Navigation;
				PRODUCT_NAME = "$(TARGET_NAME)";
				SWIFT_VERSION = 5.0;
				TARGETED_DEVICE_FAMILY = "1,2";
			};
			name = Release;
		};
/* End XCBuildConfiguration section */

/* Begin XCConfigurationList section */
		CE8D6E0426A3069000A25380 /* Build configuration list for PBXProject "Navigation" */ = {
			isa = XCConfigurationList;
			buildConfigurations = (
				CE8D6E1B26A3069900A25380 /* Debug */,
				CE8D6E1C26A3069900A25380 /* Release */,
			);
			defaultConfigurationIsVisible = 0;
			defaultConfigurationName = Release;
		};
		CE8D6E1D26A3069900A25380 /* Build configuration list for PBXNativeTarget "Navigation" */ = {
			isa = XCConfigurationList;
			buildConfigurations = (
				CE8D6E1E26A3069900A25380 /* Debug */,
				CE8D6E1F26A3069900A25380 /* Release */,
			);
			defaultConfigurationIsVisible = 0;
			defaultConfigurationName = Release;
		};
/* End XCConfigurationList section */
	};
	rootObject = CE8D6E0126A3069000A25380 /* Project object */;
}
